
Microsoft Visual Studio Solution File, Format Version 12.00
# Visual Studio Version 16
VisualStudioVersion = 16.0.30804.86
MinimumVisualStudioVersion = 10.0.40219.1
Project("{FAE04EC0-301F-11D3-BF4B-00C04F79EFBC}") = "Game2048Form", "Game2048Form\Game2048Form.csproj", "{89C3ADB4-04A6-4CD9-9C90-7D0127E01302}"
EndProject
Project("{FAE04EC0-301F-11D3-BF4B-00C04F79EFBC}") = "LibGame2048", "..\..\Game2048\LibGame2048\LibGame2048.csproj", "{D9E4F811-90DF-4C9F-8975-D276B59A48E8}"
EndProject
Global
	GlobalSection(SolutionConfigurationPlatforms) = preSolution
		Debug|Any CPU = Debug|Any CPU
		Release|Any CPU = Release|Any CPU
	EndGlobalSection
	GlobalSection(ProjectConfigurationPlatforms) = postSolution
		{89C3ADB4-04A6-4CD9-9C90-7D0127E01302}.Debug|Any CPU.ActiveCfg = Debug|Any CPU
		{89C3ADB4-04A6-4CD9-9C90-7D0127E01302}.Debug|Any CPU.Build.0 = Debug|Any CPU
		{89C3ADB4-04A6-4CD9-9C90-7D0127E01302}.Release|Any CPU.ActiveCfg = Release|Any CPU
		{89C3ADB4-04A6-4CD9-9C90-7D0127E01302}.Release|Any CPU.Build.0 = Release|Any CPU
		{D9E4F811-90DF-4C9F-8975-D276B59A48E8}.Debug|Any CPU.ActiveCfg = Debug|Any CPU
		{D9E4F811-90DF-4C9F-8975-D276B59A48E8}.Debug|Any CPU.Build.0 = Debug|Any CPU
		{D9E4F811-90DF-4C9F-8975-D276B59A48E8}.Release|Any CPU.ActiveCfg = Release|Any CPU
		{D9E4F811-90DF-4C9F-8975-D276B59A48E8}.Release|Any CPU.Build.0 = Release|Any CPU
	EndGlobalSection
	GlobalSection(SolutionProperties) = preSolution
		HideSolutionNode = FALSE
	EndGlobalSection
	GlobalSection(ExtensibilityGlobals) = postSolution
		SolutionGuid = {BCA8F4F6-685F-4F3C-898E-AA3E5E8F109B}
	EndGlobalSection
EndGlobal
